// !$*UTF8*$!
{
	archiveVersion = 1;
	classes = {
	};
	objectVersion = 50;
	objects = {

/* Begin PBXBuildFile section */
		1A21A50D273D6BC400ACCCC7 /* AlarmingApp.swift in Sources */ = {isa = PBXBuildFile; fileRef = 1A21A50C273D6BC400ACCCC7 /* AlarmingApp.swift */; };
		1A21A50F273D6BC400ACCCC7 /* ContentView.swift in Sources */ = {isa = PBXBuildFile; fileRef = 1A21A50E273D6BC400ACCCC7 /* ContentView.swift */; };
		1A21A511273D6BC600ACCCC7 /* Assets.xcassets in Resources */ = {isa = PBXBuildFile; fileRef = 1A21A510273D6BC600ACCCC7 /* Assets.xcassets */; };
		1A21A514273D6BC600ACCCC7 /* Preview Assets.xcassets in Resources */ = {isa = PBXBuildFile; fileRef = 1A21A513273D6BC600ACCCC7 /* Preview Assets.xcassets */; };
		1A21A51F273D6BC600ACCCC7 /* AlarmingTests.swift in Sources */ = {isa = PBXBuildFile; fileRef = 1A21A51E273D6BC600ACCCC7 /* AlarmingTests.swift */; };
		1A21A52A273D6BC700ACCCC7 /* AlarmingUITests.swift in Sources */ = {isa = PBXBuildFile; fileRef = 1A21A529273D6BC700ACCCC7 /* AlarmingUITests.swift */; };
		1A21A538273D6C1E00ACCCC7 /* Alarm.swift in Sources */ = {isa = PBXBuildFile; fileRef = 1A21A537273D6C1E00ACCCC7 /* Alarm.swift */; };
		1A21A53A273D6CEE00ACCCC7 /* AlarmView.swift in Sources */ = {isa = PBXBuildFile; fileRef = 1A21A539273D6CEE00ACCCC7 /* AlarmView.swift */; };
		1A6EC0FE274D3C7000E9B060 /* AlarmDetail.swift in Sources */ = {isa = PBXBuildFile; fileRef = 1A6EC0FD274D3C7000E9B060 /* AlarmDetail.swift */; };
/* End PBXBuildFile section */

/* Begin PBXContainerItemProxy section */
		1A21A51B273D6BC600ACCCC7 /* PBXContainerItemProxy */ = {
			isa = PBXContainerItemProxy;
			containerPortal = 1A21A501273D6BC400ACCCC7 /* Project object */;
			proxyType = 1;
			remoteGlobalIDString = 1A21A508273D6BC400ACCCC7;
			remoteInfo = Alarming;
		};
		1A21A526273D6BC700ACCCC7 /* PBXContainerItemProxy */ = {
			isa = PBXContainerItemProxy;
			containerPortal = 1A21A501273D6BC400ACCCC7 /* Project object */;
			proxyType = 1;
			remoteGlobalIDString = 1A21A508273D6BC400ACCCC7;
			remoteInfo = Alarming;
		};
/* End PBXContainerItemProxy section */

/* Begin PBXFileReference section */
		1A21A509273D6BC400ACCCC7 /* Alarming.app */ = {isa = PBXFileReference; explicitFileType = wrapper.application; includeInIndex = 0; path = Alarming.app; sourceTree = BUILT_PRODUCTS_DIR; };
		1A21A50C273D6BC400ACCCC7 /* AlarmingApp.swift */ = {isa = PBXFileReference; lastKnownFileType = sourcecode.swift; path = AlarmingApp.swift; sourceTree = "<group>"; };
		1A21A50E273D6BC400ACCCC7 /* ContentView.swift */ = {isa = PBXFileReference; lastKnownFileType = sourcecode.swift; path = ContentView.swift; sourceTree = "<group>"; };
		1A21A510273D6BC600ACCCC7 /* Assets.xcassets */ = {isa = PBXFileReference; lastKnownFileType = folder.assetcatalog; path = Assets.xcassets; sourceTree = "<group>"; };
		1A21A513273D6BC600ACCCC7 /* Preview Assets.xcassets */ = {isa = PBXFileReference; lastKnownFileType = folder.assetcatalog; path = "Preview Assets.xcassets"; sourceTree = "<group>"; };
		1A21A515273D6BC600ACCCC7 /* Info.plist */ = {isa = PBXFileReference; lastKnownFileType = text.plist.xml; path = Info.plist; sourceTree = "<group>"; };
		1A21A51A273D6BC600ACCCC7 /* AlarmingTests.xctest */ = {isa = PBXFileReference; explicitFileType = wrapper.cfbundle; includeInIndex = 0; path = AlarmingTests.xctest; sourceTree = BUILT_PRODUCTS_DIR; };
		1A21A51E273D6BC600ACCCC7 /* AlarmingTests.swift */ = {isa = PBXFileReference; lastKnownFileType = sourcecode.swift; path = AlarmingTests.swift; sourceTree = "<group>"; };
		1A21A520273D6BC600ACCCC7 /* Info.plist */ = {isa = PBXFileReference; lastKnownFileType = text.plist.xml; path = Info.plist; sourceTree = "<group>"; };
		1A21A525273D6BC700ACCCC7 /* AlarmingUITests.xctest */ = {isa = PBXFileReference; explicitFileType = wrapper.cfbundle; includeInIndex = 0; path = AlarmingUITests.xctest; sourceTree = BUILT_PRODUCTS_DIR; };
		1A21A529273D6BC700ACCCC7 /* AlarmingUITests.swift */ = {isa = PBXFileReference; lastKnownFileType = sourcecode.swift; path = AlarmingUITests.swift; sourceTree = "<group>"; };
		1A21A52B273D6BC700ACCCC7 /* Info.plist */ = {isa = PBXFileReference; lastKnownFileType = text.plist.xml; path = Info.plist; sourceTree = "<group>"; };
		1A21A537273D6C1E00ACCCC7 /* Alarm.swift */ = {isa = PBXFileReference; lastKnownFileType = sourcecode.swift; path = Alarm.swift; sourceTree = "<group>"; };
		1A21A539273D6CEE00ACCCC7 /* AlarmView.swift */ = {isa = PBXFileReference; lastKnownFileType = sourcecode.swift; path = AlarmView.swift; sourceTree = "<group>"; };
		1A6EC0FD274D3C7000E9B060 /* AlarmDetail.swift */ = {isa = PBXFileReference; lastKnownFileType = sourcecode.swift; path = AlarmDetail.swift; sourceTree = "<group>"; };
/* End PBXFileReference section */

/* Begin PBXFrameworksBuildPhase section */
		1A21A506273D6BC400ACCCC7 /* Frameworks */ = {
			isa = PBXFrameworksBuildPhase;
			buildActionMask = 2147483647;
			files = (
			);
			runOnlyForDeploymentPostprocessing = 0;
		};
		1A21A517273D6BC600ACCCC7 /* Frameworks */ = {
			isa = PBXFrameworksBuildPhase;
			buildActionMask = 2147483647;
			files = (
			);
			runOnlyForDeploymentPostprocessing = 0;
		};
		1A21A522273D6BC700ACCCC7 /* Frameworks */ = {
			isa = PBXFrameworksBuildPhase;
			buildActionMask = 2147483647;
			files = (
			);
			runOnlyForDeploymentPostprocessing = 0;
		};
/* End PBXFrameworksBuildPhase section */

/* Begin PBXGroup section */
		1A21A500273D6BC400ACCCC7 = {
			isa = PBXGroup;
			children = (
				1A21A50B273D6BC400ACCCC7 /* Alarming */,
				1A21A51D273D6BC600ACCCC7 /* AlarmingTests */,
				1A21A528273D6BC700ACCCC7 /* AlarmingUITests */,
				1A21A50A273D6BC400ACCCC7 /* Products */,
			);
			sourceTree = "<group>";
		};
		1A21A50A273D6BC400ACCCC7 /* Products */ = {
			isa = PBXGroup;
			children = (
				1A21A509273D6BC400ACCCC7 /* Alarming.app */,
				1A21A51A273D6BC600ACCCC7 /* AlarmingTests.xctest */,
				1A21A525273D6BC700ACCCC7 /* AlarmingUITests.xctest */,
			);
			name = Products;
			sourceTree = "<group>";
		};
		1A21A50B273D6BC400ACCCC7 /* Alarming */ = {
			isa = PBXGroup;
			children = (
				1A21A50C273D6BC400ACCCC7 /* AlarmingApp.swift */,
				1A21A50E273D6BC400ACCCC7 /* ContentView.swift */,
				1A21A510273D6BC600ACCCC7 /* Assets.xcassets */,
				1A21A515273D6BC600ACCCC7 /* Info.plist */,
				1A21A512273D6BC600ACCCC7 /* Preview Content */,
				1A21A537273D6C1E00ACCCC7 /* Alarm.swift */,
				1A21A539273D6CEE00ACCCC7 /* AlarmView.swift */,
				1A6EC0FD274D3C7000E9B060 /* AlarmDetail.swift */,
			);
			path = Alarming;
			sourceTree = "<group>";
		};
		1A21A512273D6BC600ACCCC7 /* Preview Content */ = {
			isa = PBXGroup;
			children = (
				1A21A513273D6BC600ACCCC7 /* Preview Assets.xcassets */,
			);
			path = "Preview Content";
			sourceTree = "<group>";
		};
		1A21A51D273D6BC600ACCCC7 /* AlarmingTests */ = {
			isa = PBXGroup;
			children = (
				1A21A51E273D6BC600ACCCC7 /* AlarmingTests.swift */,
				1A21A520273D6BC600ACCCC7 /* Info.plist */,
			);
			path = AlarmingTests;
			sourceTree = "<group>";
		};
		1A21A528273D6BC700ACCCC7 /* AlarmingUITests */ = {
			isa = PBXGroup;
			children = (
				1A21A529273D6BC700ACCCC7 /* AlarmingUITests.swift */,
				1A21A52B273D6BC700ACCCC7 /* Info.plist */,
			);
			path = AlarmingUITests;
			sourceTree = "<group>";
		};
/* End PBXGroup section */

/* Begin PBXNativeTarget section */
		1A21A508273D6BC400ACCCC7 /* Alarming */ = {
			isa = PBXNativeTarget;
			buildConfigurationList = 1A21A52E273D6BC700ACCCC7 /* Build configuration list for PBXNativeTarget "Alarming" */;
			buildPhases = (
				1A21A505273D6BC400ACCCC7 /* Sources */,
				1A21A506273D6BC400ACCCC7 /* Frameworks */,
				1A21A507273D6BC400ACCCC7 /* Resources */,
			);
			buildRules = (
			);
			dependencies = (
			);
			name = Alarming;
			productName = Alarming;
			productReference = 1A21A509273D6BC400ACCCC7 /* Alarming.app */;
			productType = "com.apple.product-type.application";
		};
		1A21A519273D6BC600ACCCC7 /* AlarmingTests */ = {
			isa = PBXNativeTarget;
			buildConfigurationList = 1A21A531273D6BC700ACCCC7 /* Build configuration list for PBXNativeTarget "AlarmingTests" */;
			buildPhases = (
				1A21A516273D6BC600ACCCC7 /* Sources */,
				1A21A517273D6BC600ACCCC7 /* Frameworks */,
				1A21A518273D6BC600ACCCC7 /* Resources */,
			);
			buildRules = (
			);
			dependencies = (
				1A21A51C273D6BC600ACCCC7 /* PBXTargetDependency */,
			);
			name = AlarmingTests;
			productName = AlarmingTests;
			productReference = 1A21A51A273D6BC600ACCCC7 /* AlarmingTests.xctest */;
			productType = "com.apple.product-type.bundle.unit-test";
		};
		1A21A524273D6BC700ACCCC7 /* AlarmingUITests */ = {
			isa = PBXNativeTarget;
			buildConfigurationList = 1A21A534273D6BC700ACCCC7 /* Build configuration list for PBXNativeTarget "AlarmingUITests" */;
			buildPhases = (
				1A21A521273D6BC700ACCCC7 /* Sources */,
				1A21A522273D6BC700ACCCC7 /* Frameworks */,
				1A21A523273D6BC700ACCCC7 /* Resources */,
			);
			buildRules = (
			);
			dependencies = (
				1A21A527273D6BC700ACCCC7 /* PBXTargetDependency */,
			);
			name = AlarmingUITests;
			productName = AlarmingUITests;
			productReference = 1A21A525273D6BC700ACCCC7 /* AlarmingUITests.xctest */;
			productType = "com.apple.product-type.bundle.ui-testing";
		};
/* End PBXNativeTarget section */

/* Begin PBXProject section */
		1A21A501273D6BC400ACCCC7 /* Project object */ = {
			isa = PBXProject;
			attributes = {
				LastSwiftUpdateCheck = 1250;
				LastUpgradeCheck = 1250;
				TargetAttributes = {
					1A21A508273D6BC400ACCCC7 = {
						CreatedOnToolsVersion = 12.5;
					};
					1A21A519273D6BC600ACCCC7 = {
						CreatedOnToolsVersion = 12.5;
						TestTargetID = 1A21A508273D6BC400ACCCC7;
					};
					1A21A524273D6BC700ACCCC7 = {
						CreatedOnToolsVersion = 12.5;
						TestTargetID = 1A21A508273D6BC400ACCCC7;
					};
				};
			};
			buildConfigurationList = 1A21A504273D6BC400ACCCC7 /* Build configuration list for PBXProject "Alarming" */;
			compatibilityVersion = "Xcode 9.3";
			developmentRegion = en;
			hasScannedForEncodings = 0;
			knownRegions = (
				en,
				Base,
			);
			mainGroup = 1A21A500273D6BC400ACCCC7;
			productRefGroup = 1A21A50A273D6BC400ACCCC7 /* Products */;
			projectDirPath = "";
			projectRoot = "";
			targets = (
				1A21A508273D6BC400ACCCC7 /* Alarming */,
				1A21A519273D6BC600ACCCC7 /* AlarmingTests */,
				1A21A524273D6BC700ACCCC7 /* AlarmingUITests */,
			);
		};
/* End PBXProject section */

/* Begin PBXResourcesBuildPhase section */
		1A21A507273D6BC400ACCCC7 /* Resources */ = {
			isa = PBXResourcesBuildPhase;
			buildActionMask = 2147483647;
			files = (
				1A21A514273D6BC600ACCCC7 /* Preview Assets.xcassets in Resources */,
				1A21A511273D6BC600ACCCC7 /* Assets.xcassets in Resources */,
			);
			runOnlyForDeploymentPostprocessing = 0;
		};
		1A21A518273D6BC600ACCCC7 /* Resources */ = {
			isa = PBXResourcesBuildPhase;
			buildActionMask = 2147483647;
			files = (
			);
			runOnlyForDeploymentPostprocessing = 0;
		};
		1A21A523273D6BC700ACCCC7 /* Resources */ = {
			isa = PBXResourcesBuildPhase;
			buildActionMask = 2147483647;
			files = (
			);
			runOnlyForDeploymentPostprocessing = 0;
		};
/* End PBXResourcesBuildPhase section */

/* Begin PBXSourcesBuildPhase section */
		1A21A505273D6BC400ACCCC7 /* Sources */ = {
			isa = PBXSourcesBuildPhase;
			buildActionMask = 2147483647;
			files = (
				1A21A50F273D6BC400ACCCC7 /* ContentView.swift in Sources */,
				1A21A50D273D6BC400ACCCC7 /* AlarmingApp.swift in Sources */,
				1A21A53A273D6CEE00ACCCC7 /* AlarmView.swift in Sources */,
				1A6EC0FE274D3C7000E9B060 /* AlarmDetail.swift in Sources */,
				1A21A538273D6C1E00ACCCC7 /* Alarm.swift in Sources */,
			);
			runOnlyForDeploymentPostprocessing = 0;
		};
		1A21A516273D6BC600ACCCC7 /* Sources */ = {
			isa = PBXSourcesBuildPhase;
			buildActionMask = 2147483647;
			files = (
				1A21A51F273D6BC600ACCCC7 /* AlarmingTests.swift in Sources */,
			);
			runOnlyForDeploymentPostprocessing = 0;
		};
		1A21A521273D6BC700ACCCC7 /* Sources */ = {
			isa = PBXSourcesBuildPhase;
			buildActionMask = 2147483647;
			files = (
				1A21A52A273D6BC700ACCCC7 /* AlarmingUITests.swift in Sources */,
			);
			runOnlyForDeploymentPostprocessing = 0;
		};
/* End PBXSourcesBuildPhase section */

/* Begin PBXTargetDependency section */
		1A21A51C273D6BC600ACCCC7 /* PBXTargetDependency */ = {
			isa = PBXTargetDependency;
			target = 1A21A508273D6BC400ACCCC7 /* Alarming */;
			targetProxy = 1A21A51B273D6BC600ACCCC7 /* PBXContainerItemProxy */;
		};
		1A21A527273D6BC700ACCCC7 /* PBXTargetDependency */ = {
			isa = PBXTargetDependency;
			target = 1A21A508273D6BC400ACCCC7 /* Alarming */;
			targetProxy = 1A21A526273D6BC700ACCCC7 /* PBXContainerItemProxy */;
		};
/* End PBXTargetDependency section */

/* Begin XCBuildConfiguration section */
		1A21A52C273D6BC700ACCCC7 /* Debug */ = {
			isa = XCBuildConfiguration;
			buildSettings = {
				ALWAYS_SEARCH_USER_PATHS = NO;
				CLANG_ANALYZER_NONNULL = YES;
				CLANG_ANALYZER_NUMBER_OBJECT_CONVERSION = YES_AGGRESSIVE;
				CLANG_CXX_LANGUAGE_STANDARD = "gnu++14";
				CLANG_CXX_LIBRARY = "libc++";
				CLANG_ENABLE_MODULES = YES;
				CLANG_ENABLE_OBJC_ARC = YES;
				CLANG_ENABLE_OBJC_WEAK = YES;
				CLANG_WARN_BLOCK_CAPTURE_AUTORELEASING = YES;
				CLANG_WARN_BOOL_CONVERSION = YES;
				CLANG_WARN_COMMA = YES;
				CLANG_WARN_CONSTANT_CONVERSION = YES;
				CLANG_WARN_DEPRECATED_OBJC_IMPLEMENTATIONS = YES;
				CLANG_WARN_DIRECT_OBJC_ISA_USAGE = YES_ERROR;
				CLANG_WARN_DOCUMENTATION_COMMENTS = YES;
				CLANG_WARN_EMPTY_BODY = YES;
				CLANG_WARN_ENUM_CONVERSION = YES;
				CLANG_WARN_INFINITE_RECURSION = YES;
				CLANG_WARN_INT_CONVERSION = YES;
				CLANG_WARN_NON_LITERAL_NULL_CONVERSION = YES;
				CLANG_WARN_OBJC_IMPLICIT_RETAIN_SELF = YES;
				CLANG_WARN_OBJC_LITERAL_CONVERSION = YES;
				CLANG_WARN_OBJC_ROOT_CLASS = YES_ERROR;
				CLANG_WARN_QUOTED_INCLUDE_IN_FRAMEWORK_HEADER = YES;
				CLANG_WARN_RANGE_LOOP_ANALYSIS = YES;
				CLANG_WARN_STRICT_PROTOTYPES = YES;
				CLANG_WARN_SUSPICIOUS_MOVE = YES;
				CLANG_WARN_UNGUARDED_AVAILABILITY = YES_AGGRESSIVE;
				CLANG_WARN_UNREACHABLE_CODE = YES;
				CLANG_WARN__DUPLICATE_METHOD_MATCH = YES;
				COPY_PHASE_STRIP = NO;
				DEBUG_INFORMATION_FORMAT = dwarf;
				ENABLE_STRICT_OBJC_MSGSEND = YES;
				ENABLE_TESTABILITY = YES;
				GCC_C_LANGUAGE_STANDARD = gnu11;
				GCC_DYNAMIC_NO_PIC = NO;
				GCC_NO_COMMON_BLOCKS = YES;
				GCC_OPTIMIZATION_LEVEL = 0;
				GCC_PREPROCESSOR_DEFINITIONS = (
					"DEBUG=1",
					"$(inherited)",
				);
				GCC_WARN_64_TO_32_BIT_CONVERSION = YES;
				GCC_WARN_ABOUT_RETURN_TYPE = YES_ERROR;
				GCC_WARN_UNDECLARED_SELECTOR = YES;
				GCC_WARN_UNINITIALIZED_AUTOS = YES_AGGRESSIVE;
				GCC_WARN_UNUSED_FUNCTION = YES;
				GCC_WARN_UNUSED_VARIABLE = YES;
				IPHONEOS_DEPLOYMENT_TARGET = 14.5;
				MTL_ENABLE_DEBUG_INFO = INCLUDE_SOURCE;
				MTL_FAST_MATH = YES;
				ONLY_ACTIVE_ARCH = YES;
				SDKROOT = iphoneos;
				SWIFT_ACTIVE_COMPILATION_CONDITIONS = DEBUG;
				SWIFT_OPTIMIZATION_LEVEL = "-Onone";
			};
			name = Debug;
		};
		1A21A52D273D6BC700ACCCC7 /* Release */ = {
			isa = XCBuildConfiguration;
			buildSettings = {
				ALWAYS_SEARCH_USER_PATHS = NO;
				CLANG_ANALYZER_NONNULL = YES;
				CLANG_ANALYZER_NUMBER_OBJECT_CONVERSION = YES_AGGRESSIVE;
				CLANG_CXX_LANGUAGE_STANDARD = "gnu++14";
				CLANG_CXX_LIBRARY = "libc++";
				CLANG_ENABLE_MODULES = YES;
				CLANG_ENABLE_OBJC_ARC = YES;
				CLANG_ENABLE_OBJC_WEAK = YES;
				CLANG_WARN_BLOCK_CAPTURE_AUTORELEASING = YES;
				CLANG_WARN_BOOL_CONVERSION = YES;
				CLANG_WARN_COMMA = YES;
				CLANG_WARN_CONSTANT_CONVERSION = YES;
				CLANG_WARN_DEPRECATED_OBJC_IMPLEMENTATIONS = YES;
				CLANG_WARN_DIRECT_OBJC_ISA_USAGE = YES_ERROR;
				CLANG_WARN_DOCUMENTATION_COMMENTS = YES;
				CLANG_WARN_EMPTY_BODY = YES;
				CLANG_WARN_ENUM_CONVERSION = YES;
				CLANG_WARN_INFINITE_RECURSION = YES;
				CLANG_WARN_INT_CONVERSION = YES;
				CLANG_WARN_NON_LITERAL_NULL_CONVERSION = YES;
				CLANG_WARN_OBJC_IMPLICIT_RETAIN_SELF = YES;
				CLANG_WARN_OBJC_LITERAL_CONVERSION = YES;
				CLANG_WARN_OBJC_ROOT_CLASS = YES_ERROR;
				CLANG_WARN_QUOTED_INCLUDE_IN_FRAMEWORK_HEADER = YES;
				CLANG_WARN_RANGE_LOOP_ANALYSIS = YES;
				CLANG_WARN_STRICT_PROTOTYPES = YES;
				CLANG_WARN_SUSPICIOUS_MOVE = YES;
				CLANG_WARN_UNGUARDED_AVAILABILITY = YES_AGGRESSIVE;
				CLANG_WARN_UNREACHABLE_CODE = YES;
				CLANG_WARN__DUPLICATE_METHOD_MATCH = YES;
				COPY_PHASE_STRIP = NO;
				DEBUG_INFORMATION_FORMAT = "dwarf-with-dsym";
				ENABLE_NS_ASSERTIONS = NO;
				ENABLE_STRICT_OBJC_MSGSEND = YES;
				GCC_C_LANGUAGE_STANDARD = gnu11;
				GCC_NO_COMMON_BLOCKS = YES;
				GCC_WARN_64_TO_32_BIT_CONVERSION = YES;
				GCC_WARN_ABOUT_RETURN_TYPE = YES_ERROR;
				GCC_WARN_UNDECLARED_SELECTOR = YES;
				GCC_WARN_UNINITIALIZED_AUTOS = YES_AGGRESSIVE;
				GCC_WARN_UNUSED_FUNCTION = YES;
				GCC_WARN_UNUSED_VARIABLE = YES;
				IPHONEOS_DEPLOYMENT_TARGET = 14.5;
				MTL_ENABLE_DEBUG_INFO = NO;
				MTL_FAST_MATH = YES;
				SDKROOT = iphoneos;
				SWIFT_COMPILATION_MODE = wholemodule;
				SWIFT_OPTIMIZATION_LEVEL = "-O";
				VALIDATE_PRODUCT = YES;
			};
			name = Release;
		};
		1A21A52F273D6BC700ACCCC7 /* Debug */ = {
			isa = XCBuildConfiguration;
			buildSettings = {
				ASSETCATALOG_COMPILER_APPICON_NAME = AppIcon;
				ASSETCATALOG_COMPILER_GLOBAL_ACCENT_COLOR_NAME = AccentColor;
				CODE_SIGN_STYLE = Automatic;
				DEVELOPMENT_ASSET_PATHS = "\"Alarming/Preview Content\"";
				DEVELOPMENT_TEAM = 4QTYLSM938;
				ENABLE_PREVIEWS = YES;
				INFOPLIST_FILE = Alarming/Info.plist;
				IPHONEOS_DEPLOYMENT_TARGET = 14.0;
				LD_RUNPATH_SEARCH_PATHS = (
					"$(inherited)",
					"@executable_path/Frameworks",
				);
				PRODUCT_BUNDLE_IDENTIFIER = "Smartester-People-CO.Alarming";
				PRODUCT_NAME = "$(TARGET_NAME)";
				SWIFT_VERSION = 5.0;
				TARGETED_DEVICE_FAMILY = "1,2";
			};
			name = Debug;
		};
		1A21A530273D6BC700ACCCC7 /* Release */ = {
			isa = XCBuildConfiguration;
			buildSettings = {
				ASSETCATALOG_COMPILER_APPICON_NAME = AppIcon;
				ASSETCATALOG_COMPILER_GLOBAL_ACCENT_COLOR_NAME = AccentColor;
				CODE_SIGN_STYLE = Automatic;
				DEVELOPMENT_ASSET_PATHS = "\"Alarming/Preview Content\"";
				DEVELOPMENT_TEAM = 4QTYLSM938;
				ENABLE_PREVIEWS = YES;
				INFOPLIST_FILE = Alarming/Info.plist;
				IPHONEOS_DEPLOYMENT_TARGET = 14.0;
				LD_RUNPATH_SEARCH_PATHS = (
					"$(inherited)",
					"@executable_path/Frameworks",
				);
				PRODUCT_BUNDLE_IDENTIFIER = "Smartester-People-CO.Alarming";
				PRODUCT_NAME = "$(TARGET_NAME)";
				SWIFT_VERSION = 5.0;
				TARGETED_DEVICE_FAMILY = "1,2";
			};
			name = Release;
		};
		1A21A532273D6BC700ACCCC7 /* Debug */ = {
			isa = XCBuildConfiguration;
			buildSettings = {
				ALWAYS_EMBED_SWIFT_STANDARD_LIBRARIES = YES;
				BUNDLE_LOADER = "$(TEST_HOST)";
				CODE_SIGN_STYLE = Automatic;
				DEVELOPMENT_TEAM = 4QTYLSM938;
				INFOPLIST_FILE = AlarmingTests/Info.plist;
				IPHONEOS_DEPLOYMENT_TARGET = 14.0;
				LD_RUNPATH_SEARCH_PATHS = (
					"$(inherited)",
					"@executable_path/Frameworks",
					"@loader_path/Frameworks",
				);
				PRODUCT_BUNDLE_IDENTIFIER = "Smartester-People-CO.AlarmingTests";
				PRODUCT_NAME = "$(TARGET_NAME)";
				SWIFT_VERSION = 5.0;
				TARGETED_DEVICE_FAMILY = "1,2";
				TEST_HOST = "$(BUILT_PRODUCTS_DIR)/Alarming.app/Alarming";
			};
			name = Debug;
		};
		1A21A533273D6BC700ACCCC7 /* Release */ = {
			isa = XCBuildConfiguration;
			buildSettings = {
				ALWAYS_EMBED_SWIFT_STANDARD_LIBRARIES = YES;
				BUNDLE_LOADER = "$(TEST_HOST)";
				CODE_SIGN_STYLE = Automatic;
				DEVELOPMENT_TEAM = 4QTYLSM938;
				INFOPLIST_FILE = AlarmingTests/Info.plist;
				IPHONEOS_DEPLOYMENT_TARGET = 14.0;
				LD_RUNPATH_SEARCH_PATHS = (
					"$(inherited)",
					"@executable_path/Frameworks",
					"@loader_path/Frameworks",
				);
				PRODUCT_BUNDLE_IDENTIFIER = "Smartester-People-CO.AlarmingTests";
				PRODUCT_NAME = "$(TARGET_NAME)";
				SWIFT_VERSION = 5.0;
				TARGETED_DEVICE_FAMILY = "1,2";
				TEST_HOST = "$(BUILT_PRODUCTS_DIR)/Alarming.app/Alarming";
			};
			name = Release;
		};
		1A21A535273D6BC700ACCCC7 /* Debug */ = {
			isa = XCBuildConfiguration;
			buildSettings = {
				ALWAYS_EMBED_SWIFT_STANDARD_LIBRARIES = YES;
				CODE_SIGN_STYLE = Automatic;
				DEVELOPMENT_TEAM = 4QTYLSM938;
				INFOPLIST_FILE = AlarmingUITests/Info.plist;
				LD_RUNPATH_SEARCH_PATHS = (
					"$(inherited)",
					"@executable_path/Frameworks",
					"@loader_path/Frameworks",
				);
				PRODUCT_BUNDLE_IDENTIFIER = "Smartester-People-CO.AlarmingUITests";
				PRODUCT_NAME = "$(TARGET_NAME)";
				SWIFT_VERSION = 5.0;
				TARGETED_DEVICE_FAMILY = "1,2";
				TEST_TARGET_NAME = Alarming;
			};
			name = Debug;
		};
		1A21A536273D6BC700ACCCC7 /* Release */ = {
			isa = XCBuildConfiguration;
			buildSettings = {
				ALWAYS_EMBED_SWIFT_STANDARD_LIBRARIES = YES;
				CODE_SIGN_STYLE = Automatic;
				DEVELOPMENT_TEAM = 4QTYLSM938;
				INFOPLIST_FILE = AlarmingUITests/Info.plist;
				LD_RUNPATH_SEARCH_PATHS = (
					"$(inherited)",
					"@executable_path/Frameworks",
					"@loader_path/Frameworks",
				);
				PRODUCT_BUNDLE_IDENTIFIER = "Smartester-People-CO.AlarmingUITests";
				PRODUCT_NAME = "$(TARGET_NAME)";
				SWIFT_VERSION = 5.0;
				TARGETED_DEVICE_FAMILY = "1,2";
				TEST_TARGET_NAME = Alarming;
			};
			name = Release;
		};
/* End XCBuildConfiguration section */

/* Begin XCConfigurationList section */
		1A21A504273D6BC400ACCCC7 /* Build configuration list for PBXProject "Alarming" */ = {
			isa = XCConfigurationList;
			buildConfigurations = (
				1A21A52C273D6BC700ACCCC7 /* Debug */,
				1A21A52D273D6BC700ACCCC7 /* Release */,
			);
			defaultConfigurationIsVisible = 0;
			defaultConfigurationName = Release;
		};
		1A21A52E273D6BC700ACCCC7 /* Build configuration list for PBXNativeTarget "Alarming" */ = {
			isa = XCConfigurationList;
			buildConfigurations = (
				1A21A52F273D6BC700ACCCC7 /* Debug */,
				1A21A530273D6BC700ACCCC7 /* Release */,
			);
			defaultConfigurationIsVisible = 0;
			defaultConfigurationName = Release;
		};
		1A21A531273D6BC700ACCCC7 /* Build configuration list for PBXNativeTarget "AlarmingTests" */ = {
			isa = XCConfigurationList;
			buildConfigurations = (
				1A21A532273D6BC700ACCCC7 /* Debug */,
				1A21A533273D6BC700ACCCC7 /* Release */,
			);
			defaultConfigurationIsVisible = 0;
			defaultConfigurationName = Release;
		};
		1A21A534273D6BC700ACCCC7 /* Build configuration list for PBXNativeTarget "AlarmingUITests" */ = {
			isa = XCConfigurationList;
			buildConfigurations = (
				1A21A535273D6BC700ACCCC7 /* Debug */,
				1A21A536273D6BC700ACCCC7 /* Release */,
			);
			defaultConfigurationIsVisible = 0;
			defaultConfigurationName = Release;
		};
/* End XCConfigurationList section */
	};
	rootObject = 1A21A501273D6BC400ACCCC7 /* Project object */;
}
