// !$*UTF8*$!
{
	archiveVersion = 1;
	classes = {
	};
	objectVersion = 50;
	objects = {

/* Begin PBXBuildFile section */
		1AF73E062799927C007F3434 /* stack_overflow_helpApp.swift in Sources */ = {isa = PBXBuildFile; fileRef = 1AF73E052799927C007F3434 /* stack_overflow_helpApp.swift */; };
		1AF73E082799927C007F3434 /* ContentView.swift in Sources */ = {isa = PBXBuildFile; fileRef = 1AF73E072799927C007F3434 /* ContentView.swift */; };
		1AF73E0A27999280007F3434 /* Assets.xcassets in Resources */ = {isa = PBXBuildFile; fileRef = 1AF73E0927999280007F3434 /* Assets.xcassets */; };
		1AF73E0D27999280007F3434 /* Preview Assets.xcassets in Resources */ = {isa = PBXBuildFile; fileRef = 1AF73E0C27999280007F3434 /* Preview Assets.xcassets */; };
		1AF73E1927999280007F3434 /* stack_overflow_helpTests.swift in Sources */ = {isa = PBXBuildFile; fileRef = 1AF73E1827999280007F3434 /* stack_overflow_helpTests.swift */; };
		1AF73E2427999280007F3434 /* stack_overflow_helpUITests.swift in Sources */ = {isa = PBXBuildFile; fileRef = 1AF73E2327999280007F3434 /* stack_overflow_helpUITests.swift */; };
/* End PBXBuildFile section */

/* Begin PBXContainerItemProxy section */
		1AF73E1527999280007F3434 /* PBXContainerItemProxy */ = {
			isa = PBXContainerItemProxy;
			containerPortal = 1AF73DFA2799927C007F3434 /* Project object */;
			proxyType = 1;
			remoteGlobalIDString = 1AF73E012799927C007F3434;
			remoteInfo = "stack overflow help";
		};
		1AF73E2027999280007F3434 /* PBXContainerItemProxy */ = {
			isa = PBXContainerItemProxy;
			containerPortal = 1AF73DFA2799927C007F3434 /* Project object */;
			proxyType = 1;
			remoteGlobalIDString = 1AF73E012799927C007F3434;
			remoteInfo = "stack overflow help";
		};
/* End PBXContainerItemProxy section */

/* Begin PBXFileReference section */
		1AF73E022799927C007F3434 /* stack overflow help.app */ = {isa = PBXFileReference; explicitFileType = wrapper.application; includeInIndex = 0; path = "stack overflow help.app"; sourceTree = BUILT_PRODUCTS_DIR; };
		1AF73E052799927C007F3434 /* stack_overflow_helpApp.swift */ = {isa = PBXFileReference; lastKnownFileType = sourcecode.swift; path = stack_overflow_helpApp.swift; sourceTree = "<group>"; };
		1AF73E072799927C007F3434 /* ContentView.swift */ = {isa = PBXFileReference; lastKnownFileType = sourcecode.swift; path = ContentView.swift; sourceTree = "<group>"; };
		1AF73E0927999280007F3434 /* Assets.xcassets */ = {isa = PBXFileReference; lastKnownFileType = folder.assetcatalog; path = Assets.xcassets; sourceTree = "<group>"; };
		1AF73E0C27999280007F3434 /* Preview Assets.xcassets */ = {isa = PBXFileReference; lastKnownFileType = folder.assetcatalog; path = "Preview Assets.xcassets"; sourceTree = "<group>"; };
		1AF73E0E27999280007F3434 /* Info.plist */ = {isa = PBXFileReference; lastKnownFileType = text.plist.xml; path = Info.plist; sourceTree = "<group>"; };
		1AF73E0F27999280007F3434 /* stack_overflow_help.entitlements */ = {isa = PBXFileReference; lastKnownFileType = text.plist.entitlements; path = stack_overflow_help.entitlements; sourceTree = "<group>"; };
		1AF73E1427999280007F3434 /* stack overflow helpTests.xctest */ = {isa = PBXFileReference; explicitFileType = wrapper.cfbundle; includeInIndex = 0; path = "stack overflow helpTests.xctest"; sourceTree = BUILT_PRODUCTS_DIR; };
		1AF73E1827999280007F3434 /* stack_overflow_helpTests.swift */ = {isa = PBXFileReference; lastKnownFileType = sourcecode.swift; path = stack_overflow_helpTests.swift; sourceTree = "<group>"; };
		1AF73E1A27999280007F3434 /* Info.plist */ = {isa = PBXFileReference; lastKnownFileType = text.plist.xml; path = Info.plist; sourceTree = "<group>"; };
		1AF73E1F27999280007F3434 /* stack overflow helpUITests.xctest */ = {isa = PBXFileReference; explicitFileType = wrapper.cfbundle; includeInIndex = 0; path = "stack overflow helpUITests.xctest"; sourceTree = BUILT_PRODUCTS_DIR; };
		1AF73E2327999280007F3434 /* stack_overflow_helpUITests.swift */ = {isa = PBXFileReference; lastKnownFileType = sourcecode.swift; path = stack_overflow_helpUITests.swift; sourceTree = "<group>"; };
		1AF73E2527999280007F3434 /* Info.plist */ = {isa = PBXFileReference; lastKnownFileType = text.plist.xml; path = Info.plist; sourceTree = "<group>"; };
/* End PBXFileReference section */

/* Begin PBXFrameworksBuildPhase section */
		1AF73DFF2799927C007F3434 /* Frameworks */ = {
			isa = PBXFrameworksBuildPhase;
			buildActionMask = 2147483647;
			files = (
			);
			runOnlyForDeploymentPostprocessing = 0;
		};
		1AF73E1127999280007F3434 /* Frameworks */ = {
			isa = PBXFrameworksBuildPhase;
			buildActionMask = 2147483647;
			files = (
			);
			runOnlyForDeploymentPostprocessing = 0;
		};
		1AF73E1C27999280007F3434 /* Frameworks */ = {
			isa = PBXFrameworksBuildPhase;
			buildActionMask = 2147483647;
			files = (
			);
			runOnlyForDeploymentPostprocessing = 0;
		};
/* End PBXFrameworksBuildPhase section */

/* Begin PBXGroup section */
		1AF73DF92799927C007F3434 = {
			isa = PBXGroup;
			children = (
				1AF73E042799927C007F3434 /* stack overflow help */,
				1AF73E1727999280007F3434 /* stack overflow helpTests */,
				1AF73E2227999280007F3434 /* stack overflow helpUITests */,
				1AF73E032799927C007F3434 /* Products */,
			);
			sourceTree = "<group>";
		};
		1AF73E032799927C007F3434 /* Products */ = {
			isa = PBXGroup;
			children = (
				1AF73E022799927C007F3434 /* stack overflow help.app */,
				1AF73E1427999280007F3434 /* stack overflow helpTests.xctest */,
				1AF73E1F27999280007F3434 /* stack overflow helpUITests.xctest */,
			);
			name = Products;
			sourceTree = "<group>";
		};
		1AF73E042799927C007F3434 /* stack overflow help */ = {
			isa = PBXGroup;
			children = (
				1AF73E052799927C007F3434 /* stack_overflow_helpApp.swift */,
				1AF73E072799927C007F3434 /* ContentView.swift */,
				1AF73E0927999280007F3434 /* Assets.xcassets */,
				1AF73E0E27999280007F3434 /* Info.plist */,
				1AF73E0F27999280007F3434 /* stack_overflow_help.entitlements */,
				1AF73E0B27999280007F3434 /* Preview Content */,
			);
			path = "stack overflow help";
			sourceTree = "<group>";
		};
		1AF73E0B27999280007F3434 /* Preview Content */ = {
			isa = PBXGroup;
			children = (
				1AF73E0C27999280007F3434 /* Preview Assets.xcassets */,
			);
			path = "Preview Content";
			sourceTree = "<group>";
		};
		1AF73E1727999280007F3434 /* stack overflow helpTests */ = {
			isa = PBXGroup;
			children = (
				1AF73E1827999280007F3434 /* stack_overflow_helpTests.swift */,
				1AF73E1A27999280007F3434 /* Info.plist */,
			);
			path = "stack overflow helpTests";
			sourceTree = "<group>";
		};
		1AF73E2227999280007F3434 /* stack overflow helpUITests */ = {
			isa = PBXGroup;
			children = (
				1AF73E2327999280007F3434 /* stack_overflow_helpUITests.swift */,
				1AF73E2527999280007F3434 /* Info.plist */,
			);
			path = "stack overflow helpUITests";
			sourceTree = "<group>";
		};
/* End PBXGroup section */

/* Begin PBXNativeTarget section */
		1AF73E012799927C007F3434 /* stack overflow help */ = {
			isa = PBXNativeTarget;
			buildConfigurationList = 1AF73E2827999280007F3434 /* Build configuration list for PBXNativeTarget "stack overflow help" */;
			buildPhases = (
				1AF73DFE2799927C007F3434 /* Sources */,
				1AF73DFF2799927C007F3434 /* Frameworks */,
				1AF73E002799927C007F3434 /* Resources */,
			);
			buildRules = (
			);
			dependencies = (
			);
			name = "stack overflow help";
			productName = "stack overflow help";
			productReference = 1AF73E022799927C007F3434 /* stack overflow help.app */;
			productType = "com.apple.product-type.application";
		};
		1AF73E1327999280007F3434 /* stack overflow helpTests */ = {
			isa = PBXNativeTarget;
			buildConfigurationList = 1AF73E2B27999280007F3434 /* Build configuration list for PBXNativeTarget "stack overflow helpTests" */;
			buildPhases = (
				1AF73E1027999280007F3434 /* Sources */,
				1AF73E1127999280007F3434 /* Frameworks */,
				1AF73E1227999280007F3434 /* Resources */,
			);
			buildRules = (
			);
			dependencies = (
				1AF73E1627999280007F3434 /* PBXTargetDependency */,
			);
			name = "stack overflow helpTests";
			productName = "stack overflow helpTests";
			productReference = 1AF73E1427999280007F3434 /* stack overflow helpTests.xctest */;
			productType = "com.apple.product-type.bundle.unit-test";
		};
		1AF73E1E27999280007F3434 /* stack overflow helpUITests */ = {
			isa = PBXNativeTarget;
			buildConfigurationList = 1AF73E2E27999280007F3434 /* Build configuration list for PBXNativeTarget "stack overflow helpUITests" */;
			buildPhases = (
				1AF73E1B27999280007F3434 /* Sources */,
				1AF73E1C27999280007F3434 /* Frameworks */,
				1AF73E1D27999280007F3434 /* Resources */,
			);
			buildRules = (
			);
			dependencies = (
				1AF73E2127999280007F3434 /* PBXTargetDependency */,
			);
			name = "stack overflow helpUITests";
			productName = "stack overflow helpUITests";
			productReference = 1AF73E1F27999280007F3434 /* stack overflow helpUITests.xctest */;
			productType = "com.apple.product-type.bundle.ui-testing";
		};
/* End PBXNativeTarget section */

/* Begin PBXProject section */
		1AF73DFA2799927C007F3434 /* Project object */ = {
			isa = PBXProject;
			attributes = {
				LastSwiftUpdateCheck = 1250;
				LastUpgradeCheck = 1250;
				TargetAttributes = {
					1AF73E012799927C007F3434 = {
						CreatedOnToolsVersion = 12.5;
					};
					1AF73E1327999280007F3434 = {
						CreatedOnToolsVersion = 12.5;
						TestTargetID = 1AF73E012799927C007F3434;
					};
					1AF73E1E27999280007F3434 = {
						CreatedOnToolsVersion = 12.5;
						TestTargetID = 1AF73E012799927C007F3434;
					};
				};
			};
			buildConfigurationList = 1AF73DFD2799927C007F3434 /* Build configuration list for PBXProject "stack overflow help" */;
			compatibilityVersion = "Xcode 9.3";
			developmentRegion = en;
			hasScannedForEncodings = 0;
			knownRegions = (
				en,
				Base,
			);
			mainGroup = 1AF73DF92799927C007F3434;
			productRefGroup = 1AF73E032799927C007F3434 /* Products */;
			projectDirPath = "";
			projectRoot = "";
			targets = (
				1AF73E012799927C007F3434 /* stack overflow help */,
				1AF73E1327999280007F3434 /* stack overflow helpTests */,
				1AF73E1E27999280007F3434 /* stack overflow helpUITests */,
			);
		};
/* End PBXProject section */

/* Begin PBXResourcesBuildPhase section */
		1AF73E002799927C007F3434 /* Resources */ = {
			isa = PBXResourcesBuildPhase;
			buildActionMask = 2147483647;
			files = (
				1AF73E0D27999280007F3434 /* Preview Assets.xcassets in Resources */,
				1AF73E0A27999280007F3434 /* Assets.xcassets in Resources */,
			);
			runOnlyForDeploymentPostprocessing = 0;
		};
		1AF73E1227999280007F3434 /* Resources */ = {
			isa = PBXResourcesBuildPhase;
			buildActionMask = 2147483647;
			files = (
			);
			runOnlyForDeploymentPostprocessing = 0;
		};
		1AF73E1D27999280007F3434 /* Resources */ = {
			isa = PBXResourcesBuildPhase;
			buildActionMask = 2147483647;
			files = (
			);
			runOnlyForDeploymentPostprocessing = 0;
		};
/* End PBXResourcesBuildPhase section */

/* Begin PBXSourcesBuildPhase section */
		1AF73DFE2799927C007F3434 /* Sources */ = {
			isa = PBXSourcesBuildPhase;
			buildActionMask = 2147483647;
			files = (
				1AF73E082799927C007F3434 /* ContentView.swift in Sources */,
				1AF73E062799927C007F3434 /* stack_overflow_helpApp.swift in Sources */,
			);
			runOnlyForDeploymentPostprocessing = 0;
		};
		1AF73E1027999280007F3434 /* Sources */ = {
			isa = PBXSourcesBuildPhase;
			buildActionMask = 2147483647;
			files = (
				1AF73E1927999280007F3434 /* stack_overflow_helpTests.swift in Sources */,
			);
			runOnlyForDeploymentPostprocessing = 0;
		};
		1AF73E1B27999280007F3434 /* Sources */ = {
			isa = PBXSourcesBuildPhase;
			buildActionMask = 2147483647;
			files = (
				1AF73E2427999280007F3434 /* stack_overflow_helpUITests.swift in Sources */,
			);
			runOnlyForDeploymentPostprocessing = 0;
		};
/* End PBXSourcesBuildPhase section */

/* Begin PBXTargetDependency section */
		1AF73E1627999280007F3434 /* PBXTargetDependency */ = {
			isa = PBXTargetDependency;
			target = 1AF73E012799927C007F3434 /* stack overflow help */;
			targetProxy = 1AF73E1527999280007F3434 /* PBXContainerItemProxy */;
		};
		1AF73E2127999280007F3434 /* PBXTargetDependency */ = {
			isa = PBXTargetDependency;
			target = 1AF73E012799927C007F3434 /* stack overflow help */;
			targetProxy = 1AF73E2027999280007F3434 /* PBXContainerItemProxy */;
		};
/* End PBXTargetDependency section */

/* Begin XCBuildConfiguration section */
		1AF73E2627999280007F3434 /* Debug */ = {
			isa = XCBuildConfiguration;
			buildSettings = {
				ALWAYS_SEARCH_USER_PATHS = NO;
				CLANG_ANALYZER_NONNULL = YES;
				CLANG_ANALYZER_NUMBER_OBJECT_CONVERSION = YES_AGGRESSIVE;
				CLANG_CXX_LANGUAGE_STANDARD = "gnu++14";
				CLANG_CXX_LIBRARY = "libc++";
				CLANG_ENABLE_MODULES = YES;
				CLANG_ENABLE_OBJC_ARC = YES;
				CLANG_ENABLE_OBJC_WEAK = YES;
				CLANG_WARN_BLOCK_CAPTURE_AUTORELEASING = YES;
				CLANG_WARN_BOOL_CONVERSION = YES;
				CLANG_WARN_COMMA = YES;
				CLANG_WARN_CONSTANT_CONVERSION = YES;
				CLANG_WARN_DEPRECATED_OBJC_IMPLEMENTATIONS = YES;
				CLANG_WARN_DIRECT_OBJC_ISA_USAGE = YES_ERROR;
				CLANG_WARN_DOCUMENTATION_COMMENTS = YES;
				CLANG_WARN_EMPTY_BODY = YES;
				CLANG_WARN_ENUM_CONVERSION = YES;
				CLANG_WARN_INFINITE_RECURSION = YES;
				CLANG_WARN_INT_CONVERSION = YES;
				CLANG_WARN_NON_LITERAL_NULL_CONVERSION = YES;
				CLANG_WARN_OBJC_IMPLICIT_RETAIN_SELF = YES;
				CLANG_WARN_OBJC_LITERAL_CONVERSION = YES;
				CLANG_WARN_OBJC_ROOT_CLASS = YES_ERROR;
				CLANG_WARN_QUOTED_INCLUDE_IN_FRAMEWORK_HEADER = YES;
				CLANG_WARN_RANGE_LOOP_ANALYSIS = YES;
				CLANG_WARN_STRICT_PROTOTYPES = YES;
				CLANG_WARN_SUSPICIOUS_MOVE = YES;
				CLANG_WARN_UNGUARDED_AVAILABILITY = YES_AGGRESSIVE;
				CLANG_WARN_UNREACHABLE_CODE = YES;
				CLANG_WARN__DUPLICATE_METHOD_MATCH = YES;
				COPY_PHASE_STRIP = NO;
				DEBUG_INFORMATION_FORMAT = dwarf;
				ENABLE_STRICT_OBJC_MSGSEND = YES;
				ENABLE_TESTABILITY = YES;
				GCC_C_LANGUAGE_STANDARD = gnu11;
				GCC_DYNAMIC_NO_PIC = NO;
				GCC_NO_COMMON_BLOCKS = YES;
				GCC_OPTIMIZATION_LEVEL = 0;
				GCC_PREPROCESSOR_DEFINITIONS = (
					"DEBUG=1",
					"$(inherited)",
				);
				GCC_WARN_64_TO_32_BIT_CONVERSION = YES;
				GCC_WARN_ABOUT_RETURN_TYPE = YES_ERROR;
				GCC_WARN_UNDECLARED_SELECTOR = YES;
				GCC_WARN_UNINITIALIZED_AUTOS = YES_AGGRESSIVE;
				GCC_WARN_UNUSED_FUNCTION = YES;
				GCC_WARN_UNUSED_VARIABLE = YES;
				MACOSX_DEPLOYMENT_TARGET = 11.3;
				MTL_ENABLE_DEBUG_INFO = INCLUDE_SOURCE;
				MTL_FAST_MATH = YES;
				ONLY_ACTIVE_ARCH = YES;
				SDKROOT = macosx;
				SWIFT_ACTIVE_COMPILATION_CONDITIONS = DEBUG;
				SWIFT_OPTIMIZATION_LEVEL = "-Onone";
			};
			name = Debug;
		};
		1AF73E2727999280007F3434 /* Release */ = {
			isa = XCBuildConfiguration;
			buildSettings = {
				ALWAYS_SEARCH_USER_PATHS = NO;
				CLANG_ANALYZER_NONNULL = YES;
				CLANG_ANALYZER_NUMBER_OBJECT_CONVERSION = YES_AGGRESSIVE;
				CLANG_CXX_LANGUAGE_STANDARD = "gnu++14";
				CLANG_CXX_LIBRARY = "libc++";
				CLANG_ENABLE_MODULES = YES;
				CLANG_ENABLE_OBJC_ARC = YES;
				CLANG_ENABLE_OBJC_WEAK = YES;
				CLANG_WARN_BLOCK_CAPTURE_AUTORELEASING = YES;
				CLANG_WARN_BOOL_CONVERSION = YES;
				CLANG_WARN_COMMA = YES;
				CLANG_WARN_CONSTANT_CONVERSION = YES;
				CLANG_WARN_DEPRECATED_OBJC_IMPLEMENTATIONS = YES;
				CLANG_WARN_DIRECT_OBJC_ISA_USAGE = YES_ERROR;
				CLANG_WARN_DOCUMENTATION_COMMENTS = YES;
				CLANG_WARN_EMPTY_BODY = YES;
				CLANG_WARN_ENUM_CONVERSION = YES;
				CLANG_WARN_INFINITE_RECURSION = YES;
				CLANG_WARN_INT_CONVERSION = YES;
				CLANG_WARN_NON_LITERAL_NULL_CONVERSION = YES;
				CLANG_WARN_OBJC_IMPLICIT_RETAIN_SELF = YES;
				CLANG_WARN_OBJC_LITERAL_CONVERSION = YES;
				CLANG_WARN_OBJC_ROOT_CLASS = YES_ERROR;
				CLANG_WARN_QUOTED_INCLUDE_IN_FRAMEWORK_HEADER = YES;
				CLANG_WARN_RANGE_LOOP_ANALYSIS = YES;
				CLANG_WARN_STRICT_PROTOTYPES = YES;
				CLANG_WARN_SUSPICIOUS_MOVE = YES;
				CLANG_WARN_UNGUARDED_AVAILABILITY = YES_AGGRESSIVE;
				CLANG_WARN_UNREACHABLE_CODE = YES;
				CLANG_WARN__DUPLICATE_METHOD_MATCH = YES;
				COPY_PHASE_STRIP = NO;
				DEBUG_INFORMATION_FORMAT = "dwarf-with-dsym";
				ENABLE_NS_ASSERTIONS = NO;
				ENABLE_STRICT_OBJC_MSGSEND = YES;
				GCC_C_LANGUAGE_STANDARD = gnu11;
				GCC_NO_COMMON_BLOCKS = YES;
				GCC_WARN_64_TO_32_BIT_CONVERSION = YES;
				GCC_WARN_ABOUT_RETURN_TYPE = YES_ERROR;
				GCC_WARN_UNDECLARED_SELECTOR = YES;
				GCC_WARN_UNINITIALIZED_AUTOS = YES_AGGRESSIVE;
				GCC_WARN_UNUSED_FUNCTION = YES;
				GCC_WARN_UNUSED_VARIABLE = YES;
				MACOSX_DEPLOYMENT_TARGET = 11.3;
				MTL_ENABLE_DEBUG_INFO = NO;
				MTL_FAST_MATH = YES;
				SDKROOT = macosx;
				SWIFT_COMPILATION_MODE = wholemodule;
				SWIFT_OPTIMIZATION_LEVEL = "-O";
			};
			name = Release;
		};
		1AF73E2927999280007F3434 /* Debug */ = {
			isa = XCBuildConfiguration;
			buildSettings = {
				ASSETCATALOG_COMPILER_APPICON_NAME = AppIcon;
				ASSETCATALOG_COMPILER_GLOBAL_ACCENT_COLOR_NAME = AccentColor;
				CODE_SIGN_ENTITLEMENTS = "stack overflow help/stack_overflow_help.entitlements";
				CODE_SIGN_STYLE = Automatic;
				COMBINE_HIDPI_IMAGES = YES;
				DEVELOPMENT_ASSET_PATHS = "\"stack overflow help/Preview Content\"";
				DEVELOPMENT_TEAM = 4QTYLSM938;
				ENABLE_HARDENED_RUNTIME = YES;
				ENABLE_PREVIEWS = YES;
				INFOPLIST_FILE = "stack overflow help/Info.plist";
				LD_RUNPATH_SEARCH_PATHS = (
					"$(inherited)",
					"@executable_path/../Frameworks",
				);
				MACOSX_DEPLOYMENT_TARGET = 11.0;
				PRODUCT_BUNDLE_IDENTIFIER = "Smartester-People-CO.stack-overflow-help";
				PRODUCT_NAME = "$(TARGET_NAME)";
				SWIFT_VERSION = 5.0;
			};
			name = Debug;
		};
		1AF73E2A27999280007F3434 /* Release */ = {
			isa = XCBuildConfiguration;
			buildSettings = {
				ASSETCATALOG_COMPILER_APPICON_NAME = AppIcon;
				ASSETCATALOG_COMPILER_GLOBAL_ACCENT_COLOR_NAME = AccentColor;
				CODE_SIGN_ENTITLEMENTS = "stack overflow help/stack_overflow_help.entitlements";
				CODE_SIGN_STYLE = Automatic;
				COMBINE_HIDPI_IMAGES = YES;
				DEVELOPMENT_ASSET_PATHS = "\"stack overflow help/Preview Content\"";
				DEVELOPMENT_TEAM = 4QTYLSM938;
				ENABLE_HARDENED_RUNTIME = YES;
				ENABLE_PREVIEWS = YES;
				INFOPLIST_FILE = "stack overflow help/Info.plist";
				LD_RUNPATH_SEARCH_PATHS = (
					"$(inherited)",
					"@executable_path/../Frameworks",
				);
				MACOSX_DEPLOYMENT_TARGET = 11.0;
				PRODUCT_BUNDLE_IDENTIFIER = "Smartester-People-CO.stack-overflow-help";
				PRODUCT_NAME = "$(TARGET_NAME)";
				SWIFT_VERSION = 5.0;
			};
			name = Release;
		};
		1AF73E2C27999280007F3434 /* Debug */ = {
			isa = XCBuildConfiguration;
			buildSettings = {
				ALWAYS_EMBED_SWIFT_STANDARD_LIBRARIES = YES;
				BUNDLE_LOADER = "$(TEST_HOST)";
				CODE_SIGN_STYLE = Automatic;
				COMBINE_HIDPI_IMAGES = YES;
				DEVELOPMENT_TEAM = 4QTYLSM938;
				INFOPLIST_FILE = "stack overflow helpTests/Info.plist";
				LD_RUNPATH_SEARCH_PATHS = (
					"$(inherited)",
					"@executable_path/../Frameworks",
					"@loader_path/../Frameworks",
				);
				MACOSX_DEPLOYMENT_TARGET = 11.0;
				PRODUCT_BUNDLE_IDENTIFIER = "Smartester-People-CO.stack-overflow-helpTests";
				PRODUCT_NAME = "$(TARGET_NAME)";
				SWIFT_VERSION = 5.0;
				TEST_HOST = "$(BUILT_PRODUCTS_DIR)/stack overflow help.app/Contents/MacOS/stack overflow help";
			};
			name = Debug;
		};
		1AF73E2D27999280007F3434 /* Release */ = {
			isa = XCBuildConfiguration;
			buildSettings = {
				ALWAYS_EMBED_SWIFT_STANDARD_LIBRARIES = YES;
				BUNDLE_LOADER = "$(TEST_HOST)";
				CODE_SIGN_STYLE = Automatic;
				COMBINE_HIDPI_IMAGES = YES;
				DEVELOPMENT_TEAM = 4QTYLSM938;
				INFOPLIST_FILE = "stack overflow helpTests/Info.plist";
				LD_RUNPATH_SEARCH_PATHS = (
					"$(inherited)",
					"@executable_path/../Frameworks",
					"@loader_path/../Frameworks",
				);
				MACOSX_DEPLOYMENT_TARGET = 11.0;
				PRODUCT_BUNDLE_IDENTIFIER = "Smartester-People-CO.stack-overflow-helpTests";
				PRODUCT_NAME = "$(TARGET_NAME)";
				SWIFT_VERSION = 5.0;
				TEST_HOST = "$(BUILT_PRODUCTS_DIR)/stack overflow help.app/Contents/MacOS/stack overflow help";
			};
			name = Release;
		};
		1AF73E2F27999280007F3434 /* Debug */ = {
			isa = XCBuildConfiguration;
			buildSettings = {
				ALWAYS_EMBED_SWIFT_STANDARD_LIBRARIES = YES;
				CODE_SIGN_STYLE = Automatic;
				COMBINE_HIDPI_IMAGES = YES;
				DEVELOPMENT_TEAM = 4QTYLSM938;
				INFOPLIST_FILE = "stack overflow helpUITests/Info.plist";
				LD_RUNPATH_SEARCH_PATHS = (
					"$(inherited)",
					"@executable_path/../Frameworks",
					"@loader_path/../Frameworks",
				);
				PRODUCT_BUNDLE_IDENTIFIER = "Smartester-People-CO.stack-overflow-helpUITests";
				PRODUCT_NAME = "$(TARGET_NAME)";
				SWIFT_VERSION = 5.0;
				TEST_TARGET_NAME = "stack overflow help";
			};
			name = Debug;
		};
		1AF73E3027999280007F3434 /* Release */ = {
			isa = XCBuildConfiguration;
			buildSettings = {
				ALWAYS_EMBED_SWIFT_STANDARD_LIBRARIES = YES;
				CODE_SIGN_STYLE = Automatic;
				COMBINE_HIDPI_IMAGES = YES;
				DEVELOPMENT_TEAM = 4QTYLSM938;
				INFOPLIST_FILE = "stack overflow helpUITests/Info.plist";
				LD_RUNPATH_SEARCH_PATHS = (
					"$(inherited)",
					"@executable_path/../Frameworks",
					"@loader_path/../Frameworks",
				);
				PRODUCT_BUNDLE_IDENTIFIER = "Smartester-People-CO.stack-overflow-helpUITests";
				PRODUCT_NAME = "$(TARGET_NAME)";
				SWIFT_VERSION = 5.0;
				TEST_TARGET_NAME = "stack overflow help";
			};
			name = Release;
		};
/* End XCBuildConfiguration section */

/* Begin XCConfigurationList section */
		1AF73DFD2799927C007F3434 /* Build configuration list for PBXProject "stack overflow help" */ = {
			isa = XCConfigurationList;
			buildConfigurations = (
				1AF73E2627999280007F3434 /* Debug */,
				1AF73E2727999280007F3434 /* Release */,
			);
			defaultConfigurationIsVisible = 0;
			defaultConfigurationName = Release;
		};
		1AF73E2827999280007F3434 /* Build configuration list for PBXNativeTarget "stack overflow help" */ = {
			isa = XCConfigurationList;
			buildConfigurations = (
				1AF73E2927999280007F3434 /* Debug */,
				1AF73E2A27999280007F3434 /* Release */,
			);
			defaultConfigurationIsVisible = 0;
			defaultConfigurationName = Release;
		};
		1AF73E2B27999280007F3434 /* Build configuration list for PBXNativeTarget "stack overflow helpTests" */ = {
			isa = XCConfigurationList;
			buildConfigurations = (
				1AF73E2C27999280007F3434 /* Debug */,
				1AF73E2D27999280007F3434 /* Release */,
			);
			defaultConfigurationIsVisible = 0;
			defaultConfigurationName = Release;
		};
		1AF73E2E27999280007F3434 /* Build configuration list for PBXNativeTarget "stack overflow helpUITests" */ = {
			isa = XCConfigurationList;
			buildConfigurations = (
				1AF73E2F27999280007F3434 /* Debug */,
				1AF73E3027999280007F3434 /* Release */,
			);
			defaultConfigurationIsVisible = 0;
			defaultConfigurationName = Release;
		};
/* End XCConfigurationList section */
	};
	rootObject = 1AF73DFA2799927C007F3434 /* Project object */;
}
